// !$*UTF8*$!
{
	archiveVersion = 1;
	classes = {
	};
	objectVersion = 56;
	objects = {

/* Begin PBXBuildFile section */
		741029F829B559440078E88D /* CoinCell.swift in Sources */ = {isa = PBXBuildFile; fileRef = 741029F729B559440078E88D /* CoinCell.swift */; };
		741029FA29B559BA0078E88D /* ListScreenVC.swift in Sources */ = {isa = PBXBuildFile; fileRef = 741029F929B559BA0078E88D /* ListScreenVC.swift */; };
		7417F8AE29B4C0B3007D92C4 /* AppDelegate.swift in Sources */ = {isa = PBXBuildFile; fileRef = 7417F8AD29B4C0B3007D92C4 /* AppDelegate.swift */; };
		7417F8B029B4C0B3007D92C4 /* SceneDelegate.swift in Sources */ = {isa = PBXBuildFile; fileRef = 7417F8AF29B4C0B3007D92C4 /* SceneDelegate.swift */; };
		7417F8B229B4C0B3007D92C4 /* LoginScreenVC.swift in Sources */ = {isa = PBXBuildFile; fileRef = 7417F8B129B4C0B3007D92C4 /* LoginScreenVC.swift */; };
		7417F8B729B4C0B4007D92C4 /* Assets.xcassets in Resources */ = {isa = PBXBuildFile; fileRef = 7417F8B629B4C0B4007D92C4 /* Assets.xcassets */; };
		7417F8BA29B4C0B4007D92C4 /* LaunchScreen.storyboard in Resources */ = {isa = PBXBuildFile; fileRef = 7417F8B829B4C0B4007D92C4 /* LaunchScreen.storyboard */; };
		7417F8C329B52F6C007D92C4 /* LoginScreen.swift in Sources */ = {isa = PBXBuildFile; fileRef = 7417F8C229B52F6C007D92C4 /* LoginScreen.swift */; };
		7449913729C39DFC00906553 /* CoinData.swift in Sources */ = {isa = PBXBuildFile; fileRef = 7449913629C39DFC00906553 /* CoinData.swift */; };
		7449913929C48AC500906553 /* Account.swift in Sources */ = {isa = PBXBuildFile; fileRef = 7449913829C48AC500906553 /* Account.swift */; };
		7449913B29C4914F00906553 /* LoginVMProtocol.swift in Sources */ = {isa = PBXBuildFile; fileRef = 7449913A29C4914F00906553 /* LoginVMProtocol.swift */; };
		7449913D29C4928D00906553 /* LoginScreenVM.swift in Sources */ = {isa = PBXBuildFile; fileRef = 7449913C29C4928D00906553 /* LoginScreenVM.swift */; };
		744E51AB29BA103300BB14E9 /* Constants.swift in Sources */ = {isa = PBXBuildFile; fileRef = 744E51AA29BA103300BB14E9 /* Constants.swift */; };
		744E51AD29BA17A300BB14E9 /* ListScreen.swift in Sources */ = {isa = PBXBuildFile; fileRef = 744E51AC29BA17A300BB14E9 /* ListScreen.swift */; };
		744E51B329BA223F00BB14E9 /* MyNavigationController.swift in Sources */ = {isa = PBXBuildFile; fileRef = 744E51B229BA223F00BB14E9 /* MyNavigationController.swift */; };
		74522EE529C4ADBC003BC12C /* FakeCoin.swift in Sources */ = {isa = PBXBuildFile; fileRef = 74522EE429C4ADBC003BC12C /* FakeCoin.swift */; };
		74522EE729C725D7003BC12C /* LoginScreenView.swift in Sources */ = {isa = PBXBuildFile; fileRef = 74522EE629C725D7003BC12C /* LoginScreenView.swift */; };
		74522EEB29C72E1C003BC12C /* NetworkManagerDanya.swift in Sources */ = {isa = PBXBuildFile; fileRef = 74522EEA29C72E1C003BC12C /* NetworkManagerDanya.swift */; };
		74522EED29C72E46003BC12C /* NetworkConstants.swift in Sources */ = {isa = PBXBuildFile; fileRef = 74522EEC29C72E46003BC12C /* NetworkConstants.swift */; };
		74522EEF29C72E91003BC12C /* CryptoCoiun.swift in Sources */ = {isa = PBXBuildFile; fileRef = 74522EEE29C72E91003BC12C /* CryptoCoiun.swift */; };
		74522EF229C75956003BC12C /* ListScreenView.swift in Sources */ = {isa = PBXBuildFile; fileRef = 74522EF129C75956003BC12C /* ListScreenView.swift */; };
		74522EF429C9AE53003BC12C /* Coin.swift in Sources */ = {isa = PBXBuildFile; fileRef = 74522EF329C9AE53003BC12C /* Coin.swift */; };
		74522EF729CB8C03003BC12C /* Sorting.swift in Sources */ = {isa = PBXBuildFile; fileRef = 74522EF629CB8C03003BC12C /* Sorting.swift */; };
		7474591D29CCF6F200CD6748 /* SortingScreenVC.swift in Sources */ = {isa = PBXBuildFile; fileRef = 7474591C29CCF6F200CD6748 /* SortingScreenVC.swift */; };
		7474591F29CCF8BF00CD6748 /* SortingScreenView.swift in Sources */ = {isa = PBXBuildFile; fileRef = 7474591E29CCF8BF00CD6748 /* SortingScreenView.swift */; };
		7474592129CCF94200CD6748 /* SortingScreenVM.swift in Sources */ = {isa = PBXBuildFile; fileRef = 7474592029CCF94200CD6748 /* SortingScreenVM.swift */; };
		7474592329CDE54F00CD6748 /* SortingCell.swift in Sources */ = {isa = PBXBuildFile; fileRef = 7474592229CDE54F00CD6748 /* SortingCell.swift */; };
		7474592529CDE75200CD6748 /* SortingVMProtocol.swift in Sources */ = {isa = PBXBuildFile; fileRef = 7474592429CDE75200CD6748 /* SortingVMProtocol.swift */; };
		7474592729CED57B00CD6748 /* GlobalExtensions.swift in Sources */ = {isa = PBXBuildFile; fileRef = 7474592629CED57B00CD6748 /* GlobalExtensions.swift */; };
		7474592929D1B71E00CD6748 /* NetworkProtocol.swift in Sources */ = {isa = PBXBuildFile; fileRef = 7474592829D1B71E00CD6748 /* NetworkProtocol.swift */; };
		7477FE1829BB4352008192D3 /* ScreenBuilder.swift in Sources */ = {isa = PBXBuildFile; fileRef = 7477FE1729BB4352008192D3 /* ScreenBuilder.swift */; };
		74E8E9D929BB7D0D00F10E34 /* DescriptionScreenVC.swift in Sources */ = {isa = PBXBuildFile; fileRef = 74E8E9D829BB7D0D00F10E34 /* DescriptionScreenVC.swift */; };
		74E8E9DB29C0CE0F00F10E34 /* Network.swift in Sources */ = {isa = PBXBuildFile; fileRef = 74E8E9DA29C0CE0F00F10E34 /* Network.swift */; };
		74E8E9DD29C0D66C00F10E34 /* ListScreenVM.swift in Sources */ = {isa = PBXBuildFile; fileRef = 74E8E9DC29C0D66C00F10E34 /* ListScreenVM.swift */; };
		74E8E9E029C0DADE00F10E34 /* ListVMProtocol.swift in Sources */ = {isa = PBXBuildFile; fileRef = 74E8E9DF29C0DADE00F10E34 /* ListVMProtocol.swift */; };
/* End PBXBuildFile section */

/* Begin PBXFileReference section */
		741029F729B559440078E88D /* CoinCell.swift */ = {isa = PBXFileReference; lastKnownFileType = sourcecode.swift; path = CoinCell.swift; sourceTree = "<group>"; };
		741029F929B559BA0078E88D /* ListScreenVC.swift */ = {isa = PBXFileReference; lastKnownFileType = sourcecode.swift; path = ListScreenVC.swift; sourceTree = "<group>"; };
		7417F8AA29B4C0B3007D92C4 /* CryptoWallet.app */ = {isa = PBXFileReference; explicitFileType = wrapper.application; includeInIndex = 0; path = CryptoWallet.app; sourceTree = BUILT_PRODUCTS_DIR; };
		7417F8AD29B4C0B3007D92C4 /* AppDelegate.swift */ = {isa = PBXFileReference; lastKnownFileType = sourcecode.swift; path = AppDelegate.swift; sourceTree = "<group>"; };
		7417F8AF29B4C0B3007D92C4 /* SceneDelegate.swift */ = {isa = PBXFileReference; lastKnownFileType = sourcecode.swift; path = SceneDelegate.swift; sourceTree = "<group>"; };
		7417F8B129B4C0B3007D92C4 /* LoginScreenVC.swift */ = {isa = PBXFileReference; lastKnownFileType = sourcecode.swift; path = LoginScreenVC.swift; sourceTree = "<group>"; };
		7417F8B629B4C0B4007D92C4 /* Assets.xcassets */ = {isa = PBXFileReference; lastKnownFileType = folder.assetcatalog; path = Assets.xcassets; sourceTree = "<group>"; };
		7417F8B929B4C0B4007D92C4 /* Base */ = {isa = PBXFileReference; lastKnownFileType = file.storyboard; name = Base; path = Base.lproj/LaunchScreen.storyboard; sourceTree = "<group>"; };
		7417F8BB29B4C0B4007D92C4 /* Info.plist */ = {isa = PBXFileReference; lastKnownFileType = text.plist.xml; path = Info.plist; sourceTree = "<group>"; };
		7417F8C229B52F6C007D92C4 /* LoginScreen.swift */ = {isa = PBXFileReference; lastKnownFileType = sourcecode.swift; path = LoginScreen.swift; sourceTree = "<group>"; };
		7449913629C39DFC00906553 /* CoinData.swift */ = {isa = PBXFileReference; lastKnownFileType = sourcecode.swift; path = CoinData.swift; sourceTree = "<group>"; };
		7449913829C48AC500906553 /* Account.swift */ = {isa = PBXFileReference; lastKnownFileType = sourcecode.swift; path = Account.swift; sourceTree = "<group>"; };
		7449913A29C4914F00906553 /* LoginVMProtocol.swift */ = {isa = PBXFileReference; lastKnownFileType = sourcecode.swift; path = LoginVMProtocol.swift; sourceTree = "<group>"; };
		7449913C29C4928D00906553 /* LoginScreenVM.swift */ = {isa = PBXFileReference; lastKnownFileType = sourcecode.swift; path = LoginScreenVM.swift; sourceTree = "<group>"; };
		744E51AA29BA103300BB14E9 /* Constants.swift */ = {isa = PBXFileReference; lastKnownFileType = sourcecode.swift; path = Constants.swift; sourceTree = "<group>"; };
		744E51AC29BA17A300BB14E9 /* ListScreen.swift */ = {isa = PBXFileReference; lastKnownFileType = sourcecode.swift; path = ListScreen.swift; sourceTree = "<group>"; };
		744E51B229BA223F00BB14E9 /* MyNavigationController.swift */ = {isa = PBXFileReference; lastKnownFileType = sourcecode.swift; path = MyNavigationController.swift; sourceTree = "<group>"; };
		74522EE429C4ADBC003BC12C /* FakeCoin.swift */ = {isa = PBXFileReference; lastKnownFileType = sourcecode.swift; path = FakeCoin.swift; sourceTree = "<group>"; };
		74522EE629C725D7003BC12C /* LoginScreenView.swift */ = {isa = PBXFileReference; lastKnownFileType = sourcecode.swift; path = LoginScreenView.swift; sourceTree = "<group>"; };
		74522EEA29C72E1C003BC12C /* NetworkManagerDanya.swift */ = {isa = PBXFileReference; lastKnownFileType = sourcecode.swift; path = NetworkManagerDanya.swift; sourceTree = "<group>"; };
		74522EEC29C72E46003BC12C /* NetworkConstants.swift */ = {isa = PBXFileReference; lastKnownFileType = sourcecode.swift; path = NetworkConstants.swift; sourceTree = "<group>"; };
		74522EEE29C72E91003BC12C /* CryptoCoiun.swift */ = {isa = PBXFileReference; lastKnownFileType = sourcecode.swift; path = CryptoCoiun.swift; sourceTree = "<group>"; };
		74522EF129C75956003BC12C /* ListScreenView.swift */ = {isa = PBXFileReference; lastKnownFileType = sourcecode.swift; path = ListScreenView.swift; sourceTree = "<group>"; };
		74522EF329C9AE53003BC12C /* Coin.swift */ = {isa = PBXFileReference; lastKnownFileType = sourcecode.swift; path = Coin.swift; sourceTree = "<group>"; };
		74522EF629CB8C03003BC12C /* Sorting.swift */ = {isa = PBXFileReference; lastKnownFileType = sourcecode.swift; path = Sorting.swift; sourceTree = "<group>"; };
		7474591C29CCF6F200CD6748 /* SortingScreenVC.swift */ = {isa = PBXFileReference; lastKnownFileType = sourcecode.swift; path = SortingScreenVC.swift; sourceTree = "<group>"; };
		7474591E29CCF8BF00CD6748 /* SortingScreenView.swift */ = {isa = PBXFileReference; lastKnownFileType = sourcecode.swift; path = SortingScreenView.swift; sourceTree = "<group>"; };
		7474592029CCF94200CD6748 /* SortingScreenVM.swift */ = {isa = PBXFileReference; lastKnownFileType = sourcecode.swift; path = SortingScreenVM.swift; sourceTree = "<group>"; };
		7474592229CDE54F00CD6748 /* SortingCell.swift */ = {isa = PBXFileReference; lastKnownFileType = sourcecode.swift; path = SortingCell.swift; sourceTree = "<group>"; };
		7474592429CDE75200CD6748 /* SortingVMProtocol.swift */ = {isa = PBXFileReference; lastKnownFileType = sourcecode.swift; path = SortingVMProtocol.swift; sourceTree = "<group>"; };
		7474592629CED57B00CD6748 /* GlobalExtensions.swift */ = {isa = PBXFileReference; lastKnownFileType = sourcecode.swift; path = GlobalExtensions.swift; sourceTree = "<group>"; };
		7474592829D1B71E00CD6748 /* NetworkProtocol.swift */ = {isa = PBXFileReference; lastKnownFileType = sourcecode.swift; path = NetworkProtocol.swift; sourceTree = "<group>"; };
		7477FE1729BB4352008192D3 /* ScreenBuilder.swift */ = {isa = PBXFileReference; lastKnownFileType = sourcecode.swift; path = ScreenBuilder.swift; sourceTree = "<group>"; };
		74E8E9D829BB7D0D00F10E34 /* DescriptionScreenVC.swift */ = {isa = PBXFileReference; lastKnownFileType = sourcecode.swift; path = DescriptionScreenVC.swift; sourceTree = "<group>"; };
		74E8E9DA29C0CE0F00F10E34 /* Network.swift */ = {isa = PBXFileReference; lastKnownFileType = sourcecode.swift; path = Network.swift; sourceTree = "<group>"; };
		74E8E9DC29C0D66C00F10E34 /* ListScreenVM.swift */ = {isa = PBXFileReference; lastKnownFileType = sourcecode.swift; path = ListScreenVM.swift; sourceTree = "<group>"; };
		74E8E9DF29C0DADE00F10E34 /* ListVMProtocol.swift */ = {isa = PBXFileReference; lastKnownFileType = sourcecode.swift; path = ListVMProtocol.swift; sourceTree = "<group>"; };
/* End PBXFileReference section */

/* Begin PBXFrameworksBuildPhase section */
		7417F8A729B4C0B3007D92C4 /* Frameworks */ = {
			isa = PBXFrameworksBuildPhase;
			buildActionMask = 2147483647;
			files = (
			);
			runOnlyForDeploymentPostprocessing = 0;
		};
/* End PBXFrameworksBuildPhase section */

/* Begin PBXGroup section */
		741029F229B557220078E88D /* ListScreen */ = {
			isa = PBXGroup;
			children = (
				74E8E9DC29C0D66C00F10E34 /* ListScreenVM.swift */,
				741029F929B559BA0078E88D /* ListScreenVC.swift */,
				74522EF129C75956003BC12C /* ListScreenView.swift */,
				741029F729B559440078E88D /* CoinCell.swift */,
			);
			path = ListScreen;
			sourceTree = "<group>";
		};
		7417F8A129B4C0B2007D92C4 = {
			isa = PBXGroup;
			children = (
				7417F8AC29B4C0B3007D92C4 /* CryptoWallet */,
				7417F8AB29B4C0B3007D92C4 /* Products */,
			);
			sourceTree = "<group>";
		};
		7417F8AB29B4C0B3007D92C4 /* Products */ = {
			isa = PBXGroup;
			children = (
				7417F8AA29B4C0B3007D92C4 /* CryptoWallet.app */,
			);
			name = Products;
			sourceTree = "<group>";
		};
		7417F8AC29B4C0B3007D92C4 /* CryptoWallet */ = {
			isa = PBXGroup;
			children = (
				7417F8C429B5360C007D92C4 /* System */,
				744E51B129BA1E3200BB14E9 /* Resources */,
				74E8E9DE29C0DAAF00F10E34 /* Protocols */,
				744E51AF29BA1DF000BB14E9 /* Models */,
				7417F8C129B52F34007D92C4 /* LoginScreen */,
				741029F229B557220078E88D /* ListScreen */,
				74522EF529CB8BAE003BC12C /* SortScreen */,
				74E8E9D629BB7CF200F10E34 /* DescriptionScreen */,
				7417F8BB29B4C0B4007D92C4 /* Info.plist */,
				7477FE1929BB46CE008192D3 /* Trash */,
			);
			path = CryptoWallet;
			sourceTree = "<group>";
		};
		7417F8C129B52F34007D92C4 /* LoginScreen */ = {
			isa = PBXGroup;
			children = (
				7449913C29C4928D00906553 /* LoginScreenVM.swift */,
				7417F8B129B4C0B3007D92C4 /* LoginScreenVC.swift */,
				74522EE629C725D7003BC12C /* LoginScreenView.swift */,
			);
			path = LoginScreen;
			sourceTree = "<group>";
		};
		7417F8C429B5360C007D92C4 /* System */ = {
			isa = PBXGroup;
			children = (
				7417F8AD29B4C0B3007D92C4 /* AppDelegate.swift */,
				7417F8AF29B4C0B3007D92C4 /* SceneDelegate.swift */,
				744E51B229BA223F00BB14E9 /* MyNavigationController.swift */,
				7477FE1729BB4352008192D3 /* ScreenBuilder.swift */,
				744E51AA29BA103300BB14E9 /* Constants.swift */,
				7474592629CED57B00CD6748 /* GlobalExtensions.swift */,
			);
			path = System;
			sourceTree = "<group>";
		};
		744E51AF29BA1DF000BB14E9 /* Models */ = {
			isa = PBXGroup;
			children = (
				7449913829C48AC500906553 /* Account.swift */,
				74E8E9DA29C0CE0F00F10E34 /* Network.swift */,
				7449913629C39DFC00906553 /* CoinData.swift */,
				74522EF329C9AE53003BC12C /* Coin.swift */,
				74522EF629CB8C03003BC12C /* Sorting.swift */,
			);
			path = Models;
			sourceTree = "<group>";
		};
		744E51B129BA1E3200BB14E9 /* Resources */ = {
			isa = PBXGroup;
			children = (
				7417F8B629B4C0B4007D92C4 /* Assets.xcassets */,
				7417F8B829B4C0B4007D92C4 /* LaunchScreen.storyboard */,
			);
			path = Resources;
			sourceTree = "<group>";
		};
		74522EF029C74301003BC12C /* Danya */ = {
			isa = PBXGroup;
			children = (
				74522EEA29C72E1C003BC12C /* NetworkManagerDanya.swift */,
				74522EEE29C72E91003BC12C /* CryptoCoiun.swift */,
				74522EEC29C72E46003BC12C /* NetworkConstants.swift */,
			);
			path = Danya;
			sourceTree = "<group>";
		};
		74522EF529CB8BAE003BC12C /* SortScreen */ = {
			isa = PBXGroup;
			children = (
				7474592029CCF94200CD6748 /* SortingScreenVM.swift */,
				7474591C29CCF6F200CD6748 /* SortingScreenVC.swift */,
				7474591E29CCF8BF00CD6748 /* SortingScreenView.swift */,
				7474592229CDE54F00CD6748 /* SortingCell.swift */,
			);
			path = SortScreen;
			sourceTree = "<group>";
		};
		7477FE1929BB46CE008192D3 /* Trash */ = {
			isa = PBXGroup;
			children = (
				74522EF029C74301003BC12C /* Danya */,
				7417F8C229B52F6C007D92C4 /* LoginScreen.swift */,
				744E51AC29BA17A300BB14E9 /* ListScreen.swift */,
				74522EE429C4ADBC003BC12C /* FakeCoin.swift */,
			);
			path = Trash;
			sourceTree = "<group>";
		};
		74E8E9D629BB7CF200F10E34 /* DescriptionScreen */ = {
			isa = PBXGroup;
			children = (
				74E8E9D829BB7D0D00F10E34 /* DescriptionScreenVC.swift */,
			);
			path = DescriptionScreen;
			sourceTree = "<group>";
		};
		74E8E9DE29C0DAAF00F10E34 /* Protocols */ = {
			isa = PBXGroup;
			children = (
				7449913A29C4914F00906553 /* LoginVMProtocol.swift */,
				74E8E9DF29C0DADE00F10E34 /* ListVMProtocol.swift */,
				7474592829D1B71E00CD6748 /* NetworkProtocol.swift */,
				7474592429CDE75200CD6748 /* SortingVMProtocol.swift */,
			);
			path = Protocols;
			sourceTree = "<group>";
		};
/* End PBXGroup section */

/* Begin PBXNativeTarget section */
		7417F8A929B4C0B3007D92C4 /* CryptoWallet */ = {
			isa = PBXNativeTarget;
			buildConfigurationList = 7417F8BE29B4C0B4007D92C4 /* Build configuration list for PBXNativeTarget "CryptoWallet" */;
			buildPhases = (
				7417F8A629B4C0B3007D92C4 /* Sources */,
				7417F8A729B4C0B3007D92C4 /* Frameworks */,
				7417F8A829B4C0B3007D92C4 /* Resources */,
			);
			buildRules = (
			);
			dependencies = (
			);
			name = CryptoWallet;
			productName = CryptoWallet;
			productReference = 7417F8AA29B4C0B3007D92C4 /* CryptoWallet.app */;
			productType = "com.apple.product-type.application";
		};
/* End PBXNativeTarget section */

/* Begin PBXProject section */
		7417F8A229B4C0B3007D92C4 /* Project object */ = {
			isa = PBXProject;
			attributes = {
				BuildIndependentTargetsInParallel = 1;
				LastSwiftUpdateCheck = 1420;
				LastUpgradeCheck = 1420;
				TargetAttributes = {
					7417F8A929B4C0B3007D92C4 = {
						CreatedOnToolsVersion = 14.2;
					};
				};
			};
			buildConfigurationList = 7417F8A529B4C0B3007D92C4 /* Build configuration list for PBXProject "CryptoWallet" */;
			compatibilityVersion = "Xcode 14.0";
			developmentRegion = en;
			hasScannedForEncodings = 0;
			knownRegions = (
				en,
				Base,
			);
			mainGroup = 7417F8A129B4C0B2007D92C4;
			productRefGroup = 7417F8AB29B4C0B3007D92C4 /* Products */;
			projectDirPath = "";
			projectRoot = "";
			targets = (
				7417F8A929B4C0B3007D92C4 /* CryptoWallet */,
			);
		};
/* End PBXProject section */

/* Begin PBXResourcesBuildPhase section */
		7417F8A829B4C0B3007D92C4 /* Resources */ = {
			isa = PBXResourcesBuildPhase;
			buildActionMask = 2147483647;
			files = (
				7417F8BA29B4C0B4007D92C4 /* LaunchScreen.storyboard in Resources */,
				7417F8B729B4C0B4007D92C4 /* Assets.xcassets in Resources */,
			);
			runOnlyForDeploymentPostprocessing = 0;
		};
/* End PBXResourcesBuildPhase section */

/* Begin PBXSourcesBuildPhase section */
		7417F8A629B4C0B3007D92C4 /* Sources */ = {
			isa = PBXSourcesBuildPhase;
			buildActionMask = 2147483647;
			files = (
				74522EE729C725D7003BC12C /* LoginScreenView.swift in Sources */,
				74E8E9DD29C0D66C00F10E34 /* ListScreenVM.swift in Sources */,
				74E8E9D929BB7D0D00F10E34 /* DescriptionScreenVC.swift in Sources */,
				74522EEF29C72E91003BC12C /* CryptoCoiun.swift in Sources */,
				74522EF729CB8C03003BC12C /* Sorting.swift in Sources */,
				7417F8B229B4C0B3007D92C4 /* LoginScreenVC.swift in Sources */,
				74522EEB29C72E1C003BC12C /* NetworkManagerDanya.swift in Sources */,
				74522EF229C75956003BC12C /* ListScreenView.swift in Sources */,
				7474592929D1B71E00CD6748 /* NetworkProtocol.swift in Sources */,
				74E8E9DB29C0CE0F00F10E34 /* Network.swift in Sources */,
				741029F829B559440078E88D /* CoinCell.swift in Sources */,
				741029FA29B559BA0078E88D /* ListScreenVC.swift in Sources */,
				744E51B329BA223F00BB14E9 /* MyNavigationController.swift in Sources */,
				7474592529CDE75200CD6748 /* SortingVMProtocol.swift in Sources */,
				7449913929C48AC500906553 /* Account.swift in Sources */,
				7417F8C329B52F6C007D92C4 /* LoginScreen.swift in Sources */,
				74522EF429C9AE53003BC12C /* Coin.swift in Sources */,
				7477FE1829BB4352008192D3 /* ScreenBuilder.swift in Sources */,
				7449913B29C4914F00906553 /* LoginVMProtocol.swift in Sources */,
				7474592729CED57B00CD6748 /* GlobalExtensions.swift in Sources */,
				7449913729C39DFC00906553 /* CoinData.swift in Sources */,
				7474591F29CCF8BF00CD6748 /* SortingScreenView.swift in Sources */,
				7417F8AE29B4C0B3007D92C4 /* AppDelegate.swift in Sources */,
				7417F8B029B4C0B3007D92C4 /* SceneDelegate.swift in Sources */,
				7474591D29CCF6F200CD6748 /* SortingScreenVC.swift in Sources */,
				7449913D29C4928D00906553 /* LoginScreenVM.swift in Sources */,
				7474592129CCF94200CD6748 /* SortingScreenVM.swift in Sources */,
				74E8E9E029C0DADE00F10E34 /* ListVMProtocol.swift in Sources */,
				7474592329CDE54F00CD6748 /* SortingCell.swift in Sources */,
				74522EE529C4ADBC003BC12C /* FakeCoin.swift in Sources */,
				744E51AB29BA103300BB14E9 /* Constants.swift in Sources */,
				744E51AD29BA17A300BB14E9 /* ListScreen.swift in Sources */,
				74522EED29C72E46003BC12C /* NetworkConstants.swift in Sources */,
			);
			runOnlyForDeploymentPostprocessing = 0;
		};
/* End PBXSourcesBuildPhase section */

/* Begin PBXVariantGroup section */
		7417F8B829B4C0B4007D92C4 /* LaunchScreen.storyboard */ = {
			isa = PBXVariantGroup;
			children = (
				7417F8B929B4C0B4007D92C4 /* Base */,
			);
			name = LaunchScreen.storyboard;
			sourceTree = "<group>";
		};
/* End PBXVariantGroup section */

/* Begin XCBuildConfiguration section */
		7417F8BC29B4C0B4007D92C4 /* Debug */ = {
			isa = XCBuildConfiguration;
			buildSettings = {
				ALWAYS_SEARCH_USER_PATHS = NO;
				CLANG_ANALYZER_NONNULL = YES;
				CLANG_ANALYZER_NUMBER_OBJECT_CONVERSION = YES_AGGRESSIVE;
				CLANG_CXX_LANGUAGE_STANDARD = "gnu++20";
				CLANG_ENABLE_MODULES = YES;
				CLANG_ENABLE_OBJC_ARC = YES;
				CLANG_ENABLE_OBJC_WEAK = YES;
				CLANG_WARN_BLOCK_CAPTURE_AUTORELEASING = YES;
				CLANG_WARN_BOOL_CONVERSION = YES;
				CLANG_WARN_COMMA = YES;
				CLANG_WARN_CONSTANT_CONVERSION = YES;
				CLANG_WARN_DEPRECATED_OBJC_IMPLEMENTATIONS = YES;
				CLANG_WARN_DIRECT_OBJC_ISA_USAGE = YES_ERROR;
				CLANG_WARN_DOCUMENTATION_COMMENTS = YES;
				CLANG_WARN_EMPTY_BODY = YES;
				CLANG_WARN_ENUM_CONVERSION = YES;
				CLANG_WARN_INFINITE_RECURSION = YES;
				CLANG_WARN_INT_CONVERSION = YES;
				CLANG_WARN_NON_LITERAL_NULL_CONVERSION = YES;
				CLANG_WARN_OBJC_IMPLICIT_RETAIN_SELF = YES;
				CLANG_WARN_OBJC_LITERAL_CONVERSION = YES;
				CLANG_WARN_OBJC_ROOT_CLASS = YES_ERROR;
				CLANG_WARN_QUOTED_INCLUDE_IN_FRAMEWORK_HEADER = YES;
				CLANG_WARN_RANGE_LOOP_ANALYSIS = YES;
				CLANG_WARN_STRICT_PROTOTYPES = YES;
				CLANG_WARN_SUSPICIOUS_MOVE = YES;
				CLANG_WARN_UNGUARDED_AVAILABILITY = YES_AGGRESSIVE;
				CLANG_WARN_UNREACHABLE_CODE = YES;
				CLANG_WARN__DUPLICATE_METHOD_MATCH = YES;
				COPY_PHASE_STRIP = NO;
				DEBUG_INFORMATION_FORMAT = dwarf;
				ENABLE_STRICT_OBJC_MSGSEND = YES;
				ENABLE_TESTABILITY = YES;
				GCC_C_LANGUAGE_STANDARD = gnu11;
				GCC_DYNAMIC_NO_PIC = NO;
				GCC_NO_COMMON_BLOCKS = YES;
				GCC_OPTIMIZATION_LEVEL = 0;
				GCC_PREPROCESSOR_DEFINITIONS = (
					"DEBUG=1",
					"$(inherited)",
				);
				GCC_WARN_64_TO_32_BIT_CONVERSION = YES;
				GCC_WARN_ABOUT_RETURN_TYPE = YES_ERROR;
				GCC_WARN_UNDECLARED_SELECTOR = YES;
				GCC_WARN_UNINITIALIZED_AUTOS = YES_AGGRESSIVE;
				GCC_WARN_UNUSED_FUNCTION = YES;
				GCC_WARN_UNUSED_VARIABLE = YES;
				IPHONEOS_DEPLOYMENT_TARGET = 16.2;
				MTL_ENABLE_DEBUG_INFO = INCLUDE_SOURCE;
				MTL_FAST_MATH = YES;
				ONLY_ACTIVE_ARCH = YES;
				SDKROOT = iphoneos;
				SWIFT_ACTIVE_COMPILATION_CONDITIONS = DEBUG;
				SWIFT_OPTIMIZATION_LEVEL = "-Onone";
			};
			name = Debug;
		};
		7417F8BD29B4C0B4007D92C4 /* Release */ = {
			isa = XCBuildConfiguration;
			buildSettings = {
				ALWAYS_SEARCH_USER_PATHS = NO;
				CLANG_ANALYZER_NONNULL = YES;
				CLANG_ANALYZER_NUMBER_OBJECT_CONVERSION = YES_AGGRESSIVE;
				CLANG_CXX_LANGUAGE_STANDARD = "gnu++20";
				CLANG_ENABLE_MODULES = YES;
				CLANG_ENABLE_OBJC_ARC = YES;
				CLANG_ENABLE_OBJC_WEAK = YES;
				CLANG_WARN_BLOCK_CAPTURE_AUTORELEASING = YES;
				CLANG_WARN_BOOL_CONVERSION = YES;
				CLANG_WARN_COMMA = YES;
				CLANG_WARN_CONSTANT_CONVERSION = YES;
				CLANG_WARN_DEPRECATED_OBJC_IMPLEMENTATIONS = YES;
				CLANG_WARN_DIRECT_OBJC_ISA_USAGE = YES_ERROR;
				CLANG_WARN_DOCUMENTATION_COMMENTS = YES;
				CLANG_WARN_EMPTY_BODY = YES;
				CLANG_WARN_ENUM_CONVERSION = YES;
				CLANG_WARN_INFINITE_RECURSION = YES;
				CLANG_WARN_INT_CONVERSION = YES;
				CLANG_WARN_NON_LITERAL_NULL_CONVERSION = YES;
				CLANG_WARN_OBJC_IMPLICIT_RETAIN_SELF = YES;
				CLANG_WARN_OBJC_LITERAL_CONVERSION = YES;
				CLANG_WARN_OBJC_ROOT_CLASS = YES_ERROR;
				CLANG_WARN_QUOTED_INCLUDE_IN_FRAMEWORK_HEADER = YES;
				CLANG_WARN_RANGE_LOOP_ANALYSIS = YES;
				CLANG_WARN_STRICT_PROTOTYPES = YES;
				CLANG_WARN_SUSPICIOUS_MOVE = YES;
				CLANG_WARN_UNGUARDED_AVAILABILITY = YES_AGGRESSIVE;
				CLANG_WARN_UNREACHABLE_CODE = YES;
				CLANG_WARN__DUPLICATE_METHOD_MATCH = YES;
				COPY_PHASE_STRIP = NO;
				DEBUG_INFORMATION_FORMAT = "dwarf-with-dsym";
				ENABLE_NS_ASSERTIONS = NO;
				ENABLE_STRICT_OBJC_MSGSEND = YES;
				GCC_C_LANGUAGE_STANDARD = gnu11;
				GCC_NO_COMMON_BLOCKS = YES;
				GCC_WARN_64_TO_32_BIT_CONVERSION = YES;
				GCC_WARN_ABOUT_RETURN_TYPE = YES_ERROR;
				GCC_WARN_UNDECLARED_SELECTOR = YES;
				GCC_WARN_UNINITIALIZED_AUTOS = YES_AGGRESSIVE;
				GCC_WARN_UNUSED_FUNCTION = YES;
				GCC_WARN_UNUSED_VARIABLE = YES;
				IPHONEOS_DEPLOYMENT_TARGET = 16.2;
				MTL_ENABLE_DEBUG_INFO = NO;
				MTL_FAST_MATH = YES;
				SDKROOT = iphoneos;
				SWIFT_COMPILATION_MODE = wholemodule;
				SWIFT_OPTIMIZATION_LEVEL = "-O";
				VALIDATE_PRODUCT = YES;
			};
			name = Release;
		};
		7417F8BF29B4C0B4007D92C4 /* Debug */ = {
			isa = XCBuildConfiguration;
			buildSettings = {
				ASSETCATALOG_COMPILER_APPICON_NAME = AppIcon;
				ASSETCATALOG_COMPILER_GLOBAL_ACCENT_COLOR_NAME = AccentColor;
				CODE_SIGN_STYLE = Automatic;
				CURRENT_PROJECT_VERSION = 1;
				DEVELOPMENT_TEAM = QZGF556L9S;
				GENERATE_INFOPLIST_FILE = YES;
				INFOPLIST_FILE = CryptoWallet/Info.plist;
				INFOPLIST_KEY_UIApplicationSupportsIndirectInputEvents = YES;
				INFOPLIST_KEY_UILaunchStoryboardName = LaunchScreen;
				INFOPLIST_KEY_UISupportedInterfaceOrientations = UIInterfaceOrientationPortrait;
				INFOPLIST_KEY_UISupportedInterfaceOrientations_iPad = "UIInterfaceOrientationLandscapeLeft UIInterfaceOrientationLandscapeRight UIInterfaceOrientationPortrait UIInterfaceOrientationPortraitUpsideDown";
				IPHONEOS_DEPLOYMENT_TARGET = 14.0;
				LD_RUNPATH_SEARCH_PATHS = (
					"$(inherited)",
					"@executable_path/Frameworks",
				);
				MARKETING_VERSION = 1.0;
				PRODUCT_BUNDLE_IDENTIFIER = Ramil.Girfanov.CryptoWallet;
				PRODUCT_NAME = "$(TARGET_NAME)";
				SUPPORTED_PLATFORMS = "iphoneos iphonesimulator";
				SUPPORTS_MACCATALYST = NO;
				SUPPORTS_MAC_DESIGNED_FOR_IPHONE_IPAD = NO;
				SWIFT_EMIT_LOC_STRINGS = YES;
				SWIFT_VERSION = 5.0;
				TARGETED_DEVICE_FAMILY = 1;
			};
			name = Debug;
		};
		7417F8C029B4C0B4007D92C4 /* Release */ = {
			isa = XCBuildConfiguration;
			buildSettings = {
				ASSETCATALOG_COMPILER_APPICON_NAME = AppIcon;
				ASSETCATALOG_COMPILER_GLOBAL_ACCENT_COLOR_NAME = AccentColor;
				CODE_SIGN_STYLE = Automatic;
				CURRENT_PROJECT_VERSION = 1;
				DEVELOPMENT_TEAM = QZGF556L9S;
				GENERATE_INFOPLIST_FILE = YES;
				INFOPLIST_FILE = CryptoWallet/Info.plist;
				INFOPLIST_KEY_UIApplicationSupportsIndirectInputEvents = YES;
				INFOPLIST_KEY_UILaunchStoryboardName = LaunchScreen;
				INFOPLIST_KEY_UISupportedInterfaceOrientations = UIInterfaceOrientationPortrait;
				INFOPLIST_KEY_UISupportedInterfaceOrientations_iPad = "UIInterfaceOrientationLandscapeLeft UIInterfaceOrientationLandscapeRight UIInterfaceOrientationPortrait UIInterfaceOrientationPortraitUpsideDown";
				IPHONEOS_DEPLOYMENT_TARGET = 14.0;
				LD_RUNPATH_SEARCH_PATHS = (
					"$(inherited)",
					"@executable_path/Frameworks",
				);
				MARKETING_VERSION = 1.0;
				PRODUCT_BUNDLE_IDENTIFIER = Ramil.Girfanov.CryptoWallet;
				PRODUCT_NAME = "$(TARGET_NAME)";
				SUPPORTED_PLATFORMS = "iphoneos iphonesimulator";
				SUPPORTS_MACCATALYST = NO;
				SUPPORTS_MAC_DESIGNED_FOR_IPHONE_IPAD = NO;
				SWIFT_EMIT_LOC_STRINGS = YES;
				SWIFT_VERSION = 5.0;
				TARGETED_DEVICE_FAMILY = 1;
			};
			name = Release;
		};
/* End XCBuildConfiguration section */

/* Begin XCConfigurationList section */
		7417F8A529B4C0B3007D92C4 /* Build configuration list for PBXProject "CryptoWallet" */ = {
			isa = XCConfigurationList;
			buildConfigurations = (
				7417F8BC29B4C0B4007D92C4 /* Debug */,
				7417F8BD29B4C0B4007D92C4 /* Release */,
			);
			defaultConfigurationIsVisible = 0;
			defaultConfigurationName = Release;
		};
		7417F8BE29B4C0B4007D92C4 /* Build configuration list for PBXNativeTarget "CryptoWallet" */ = {
			isa = XCConfigurationList;
			buildConfigurations = (
				7417F8BF29B4C0B4007D92C4 /* Debug */,
				7417F8C029B4C0B4007D92C4 /* Release */,
			);
			defaultConfigurationIsVisible = 0;
			defaultConfigurationName = Release;
		};
/* End XCConfigurationList section */
	};
	rootObject = 7417F8A229B4C0B3007D92C4 /* Project object */;
}
